github.com/MasterMinds/semver v1.5.0 h1:o48A/g5pIW8F7DsAw/uxspF/Yi1BNgVoSd2LnCiEKIU=
github.com/MasterMinds/semver v1.5.0/go.mod h1:VgTz+o1W0Y0VH2fNMYqTNX5yF13A7uet9xzz3Iqu2pY=
github.com/Masterminds/semver v1.5.0 h1:H65muMkzWKEuNDnfl9d70GUjFniHKHRbFPGBuZ3QEww=
github.com/Masterminds/semver v1.5.0/go.mod h1:MB6lktGJrhw8PrUyiEoblNEGEQ+RzHPF078ddwwvV3Y=
github.com/jhoonb/archivex v0.0.0-20201016144719-6a343cdae81d h1:q7n+5taxmM+9T2Q7Ydo7YN90FkoDuR5bbzByZwkQqPo=
github.com/jhoonb/archivex v0.0.0-20201016144719-6a343cdae81d/go.mod h1:GN1Mg/uXQ6qwXA0HypnUO3xlcQJS9/y68EsHNeuuRa4=
github.com/magefile/mage v1.11.0/go.mod h1:z5UZb/iS3GoOSn0JgWuiw7dxlurVYTu+/jHXqQg881A=
github.com/magefile/mage v1.14.0 h1:6QDX3g6z1YvJ4olPhT1wksUcSa/V0a1B+pJb73fBjyo=
github.com/magefile/mage v1.14.0/go.mod h1:z5UZb/iS3GoOSn0JgWuiw7dxlurVYTu+/jHXqQg881A=
github.com/mcandre/factorio v0.0.3 h1:Btvt75LUiqz9KR/bLPzQm1JkYYys8E7lBoA0PVjaTd4=
github.com/mcandre/factorio v0.0.3/go.mod h1:5bwnhNtdM7IyVMhwNHpbZdUgxX799lLM5LS6wwSEUng=
github.com/mcandre/mage-extras v0.0.2/go.mod h1:LaUjUgmPBAl+58zVzGk5YhTTxhqGEFDAI5Oit56bPYs=
github.com/mcandre/mage-extras v0.0.9 h1:A/fOzvHbhjtE38C6AWmnpseIfLsn3lqa+eVIOcc4vNw=
github.com/mcandre/mage-extras v0.0.9/go.mod h1:BDeasvOfYNFbHUQNXR5vO2VYv6OS0XF4y+PZCBS78ag=
github.com/mcandre/zipc v0.0.4 h1:+C/lXJVySnwfnAdRv5wvphrpX8JYmvpIQ1y6onazCkQ=
github.com/mcandre/zipc v0.0.4/go.mod h1:iJR+24JbL8Juffs+bbLWs/IL3n/6sNSLEz81+h0EtJc=
github.com/zcalusic/sysinfo v0.9.5 h1:ivoHyj9aIAYkwzo1+8QgJ5s4oeE6Etx9FmZtqa4wJjQ=
github.com/zcalusic/sysinfo v0.9.5/go.mod h1:Z/gPVufBrFc8X5sef3m6kkw3r3nlNFp+I6bvASfvBZQ=
gopkg.in/check.v1 v0.0.0-20161208181325-20d25e280405 h1:yhCVgyC4o1eVCa2tZl7eS0r+SDo693bJlVdllGtEeKM=
gopkg.in/check.v1 v0.0.0-20161208181325-20d25e280405/go.mod h1:Co6ibVJAznAaIkqp8huTwlJQCZ016jof/cbN4VW5Yz0=
gopkg.in/yaml.v3 v3.0.1 h1:fxVm/GzAzEWqLHuvctI91KS9hhNmmWOoWu0XTYJS7CA=
gopkg.in/yaml.v3 v3.0.1/go.mod h1:K4uyk7z7BCEPqu6E+C64Yfv1cQ7kz7rIZviUmN+EgEM=
